
Microsoft Visual Studio Solution File, Format Version 12.00
# Visual Studio 15
VisualStudioVersion = 15.0.26124.0
MinimumVisualStudioVersion = 15.0.26124.0
Project("{2150E333-8FDC-42A3-9474-1A3956D46DE8}") = "src", "src", "{F5057971-C560-41BF-9FD8-352C3753798C}"
EndProject
Project("{FAE04EC0-301F-11D3-BF4B-00C04F79EFBC}") = "CommandAPI", "src\CommandAPI\CommandAPI.csproj", "{EF590973-605E-42CF-8126-751D2752A51C}"
EndProject
Project("{2150E333-8FDC-42A3-9474-1A3956D46DE8}") = "test", "test", "{BC2337BA-B725-4595-A0B8-8815980F1DA6}"
EndProject
Project("{FAE04EC0-301F-11D3-BF4B-00C04F79EFBC}") = "CommandAPI.Tests", "test\CommandAPI.Tests\CommandAPI.Tests.csproj", "{08277067-4752-49D1-90BC-B1D226C71E57}"
EndProject
Global
	GlobalSection(SolutionConfigurationPlatforms) = preSolution
		Debug|Any CPU = Debug|Any CPU
		Debug|x64 = Debug|x64
		Debug|x86 = Debug|x86
		Release|Any CPU = Release|Any CPU
		Release|x64 = Release|x64
		Release|x86 = Release|x86
	EndGlobalSection
	GlobalSection(SolutionProperties) = preSolution
		HideSolutionNode = FALSE
	EndGlobalSection
	GlobalSection(ProjectConfigurationPlatforms) = postSolution
		{EF590973-605E-42CF-8126-751D2752A51C}.Debug|Any CPU.ActiveCfg = Debug|Any CPU
		{EF590973-605E-42CF-8126-751D2752A51C}.Debug|Any CPU.Build.0 = Debug|Any CPU
		{EF590973-605E-42CF-8126-751D2752A51C}.Debug|x64.ActiveCfg = Debug|Any CPU
		{EF590973-605E-42CF-8126-751D2752A51C}.Debug|x64.Build.0 = Debug|Any CPU
		{EF590973-605E-42CF-8126-751D2752A51C}.Debug|x86.ActiveCfg = Debug|Any CPU
		{EF590973-605E-42CF-8126-751D2752A51C}.Debug|x86.Build.0 = Debug|Any CPU
		{EF590973-605E-42CF-8126-751D2752A51C}.Release|Any CPU.ActiveCfg = Release|Any CPU
		{EF590973-605E-42CF-8126-751D2752A51C}.Release|Any CPU.Build.0 = Release|Any CPU
		{EF590973-605E-42CF-8126-751D2752A51C}.Release|x64.ActiveCfg = Release|Any CPU
		{EF590973-605E-42CF-8126-751D2752A51C}.Release|x64.Build.0 = Release|Any CPU
		{EF590973-605E-42CF-8126-751D2752A51C}.Release|x86.ActiveCfg = Release|Any CPU
		{EF590973-605E-42CF-8126-751D2752A51C}.Release|x86.Build.0 = Release|Any CPU
		{08277067-4752-49D1-90BC-B1D226C71E57}.Debug|Any CPU.ActiveCfg = Debug|Any CPU
		{08277067-4752-49D1-90BC-B1D226C71E57}.Debug|Any CPU.Build.0 = Debug|Any CPU
		{08277067-4752-49D1-90BC-B1D226C71E57}.Debug|x64.ActiveCfg = Debug|Any CPU
		{08277067-4752-49D1-90BC-B1D226C71E57}.Debug|x64.Build.0 = Debug|Any CPU
		{08277067-4752-49D1-90BC-B1D226C71E57}.Debug|x86.ActiveCfg = Debug|Any CPU
		{08277067-4752-49D1-90BC-B1D226C71E57}.Debug|x86.Build.0 = Debug|Any CPU
		{08277067-4752-49D1-90BC-B1D226C71E57}.Release|Any CPU.ActiveCfg = Release|Any CPU
		{08277067-4752-49D1-90BC-B1D226C71E57}.Release|Any CPU.Build.0 = Release|Any CPU
		{08277067-4752-49D1-90BC-B1D226C71E57}.Release|x64.ActiveCfg = Release|Any CPU
		{08277067-4752-49D1-90BC-B1D226C71E57}.Release|x64.Build.0 = Release|Any CPU
		{08277067-4752-49D1-90BC-B1D226C71E57}.Release|x86.ActiveCfg = Release|Any CPU
		{08277067-4752-49D1-90BC-B1D226C71E57}.Release|x86.Build.0 = Release|Any CPU
	EndGlobalSection
	GlobalSection(NestedProjects) = preSolution
		{EF590973-605E-42CF-8126-751D2752A51C} = {F5057971-C560-41BF-9FD8-352C3753798C}
		{08277067-4752-49D1-90BC-B1D226C71E57} = {BC2337BA-B725-4595-A0B8-8815980F1DA6}
	EndGlobalSection
EndGlobal
